
Microsoft Visual Studio Solution File, Format Version 12.00
# Visual Studio Version 16
VisualStudioVersion = 16.0.31424.327
MinimumVisualStudioVersion = 10.0.40219.1
Project("{FAE04EC0-301F-11D3-BF4B-00C04F79EFBC}") = "ClearApp", "ClearApp\ClearApp.csproj", "{4CA462FA-4440-4ECB-AF51-637950C461C8}"
EndProject
Global
	GlobalSection(SolutionConfigurationPlatforms) = preSolution
		Debug|Any CPU = Debug|Any CPU
		Release|Any CPU = Release|Any CPU
	EndGlobalSection
	GlobalSection(ProjectConfigurationPlatforms) = postSolution
		{4CA462FA-4440-4ECB-AF51-637950C461C8}.Debug|Any CPU.ActiveCfg = Debug|Any CPU
		{4CA462FA-4440-4ECB-AF51-637950C461C8}.Debug|Any CPU.Build.0 = Debug|Any CPU
		{4CA462FA-4440-4ECB-AF51-637950C461C8}.Release|Any CPU.ActiveCfg = Release|Any CPU
		{4CA462FA-4440-4ECB-AF51-637950C461C8}.Release|Any CPU.Build.0 = Release|Any CPU
	EndGlobalSection
	GlobalSection(SolutionProperties) = preSolution
		HideSolutionNode = FALSE
	EndGlobalSection
	GlobalSection(ExtensibilityGlobals) = postSolution
		SolutionGuid = {0B6C0A8C-F566-4D25-94A9-7C8CF993489A}
	EndGlobalSection
EndGlobal
